
Microsoft Visual Studio Solution File, Format Version 12.00
# Visual Studio Version 17
VisualStudioVersion = 17.11.35222.181
MinimumVisualStudioVersion = 10.0.40219.1
Project("{FAE04EC0-301F-11D3-BF4B-00C04F79EFBC}") = "Vonatosszeallitas", "Vonatosszeallitas.csproj", "{94CD3441-4BFB-4B92-B4A0-D2BAFBEE53C6}"
EndProject
Global
	GlobalSection(SolutionConfigurationPlatforms) = preSolution
		Debug|Any CPU = Debug|Any CPU
		Release|Any CPU = Release|Any CPU
	EndGlobalSection
	GlobalSection(ProjectConfigurationPlatforms) = postSolution
		{94CD3441-4BFB-4B92-B4A0-D2BAFBEE53C6}.Debug|Any CPU.ActiveCfg = Debug|Any CPU
		{94CD3441-4BFB-4B92-B4A0-D2BAFBEE53C6}.Debug|Any CPU.Build.0 = Debug|Any CPU
		{94CD3441-4BFB-4B92-B4A0-D2BAFBEE53C6}.Release|Any CPU.ActiveCfg = Release|Any CPU
		{94CD3441-4BFB-4B92-B4A0-D2BAFBEE53C6}.Release|Any CPU.Build.0 = Release|Any CPU
	EndGlobalSection
	GlobalSection(SolutionProperties) = preSolution
		HideSolutionNode = FALSE
	EndGlobalSection
	GlobalSection(ExtensibilityGlobals) = postSolution
		SolutionGuid = {F1EC253E-ED9F-4A6F-BAA4-C4FD3203FCE1}
	EndGlobalSection
EndGlobal
