
Microsoft Visual Studio Solution File, Format Version 12.00
# Visual Studio Version 17
VisualStudioVersion = 17.10.35122.118
MinimumVisualStudioVersion = 10.0.40219.1
Project("{FAE04EC0-301F-11D3-BF4B-00C04F79EFBC}") = "elagazasok0913", "elagazasok0913\elagazasok0913.csproj", "{6947C9D7-B9DE-4C33-AD34-9B398B2C7774}"
EndProject
Global
	GlobalSection(SolutionConfigurationPlatforms) = preSolution
		Debug|Any CPU = Debug|Any CPU
		Release|Any CPU = Release|Any CPU
	EndGlobalSection
	GlobalSection(ProjectConfigurationPlatforms) = postSolution
		{6947C9D7-B9DE-4C33-AD34-9B398B2C7774}.Debug|Any CPU.ActiveCfg = Debug|Any CPU
		{6947C9D7-B9DE-4C33-AD34-9B398B2C7774}.Debug|Any CPU.Build.0 = Debug|Any CPU
		{6947C9D7-B9DE-4C33-AD34-9B398B2C7774}.Release|Any CPU.ActiveCfg = Release|Any CPU
		{6947C9D7-B9DE-4C33-AD34-9B398B2C7774}.Release|Any CPU.Build.0 = Release|Any CPU
	EndGlobalSection
	GlobalSection(SolutionProperties) = preSolution
		HideSolutionNode = FALSE
	EndGlobalSection
	GlobalSection(ExtensibilityGlobals) = postSolution
		SolutionGuid = {4879D82E-0D2E-429F-8AD6-3295A1CB74AC}
	EndGlobalSection
EndGlobal
