
Microsoft Visual Studio Solution File, Format Version 12.00
# Visual Studio Version 17
VisualStudioVersion = 17.10.35122.118
MinimumVisualStudioVersion = 10.0.40219.1
Project("{FAE04EC0-301F-11D3-BF4B-00C04F79EFBC}") = "kraterek", "kraterek.csproj", "{09F8187D-9A17-4D47-A98B-EF334CBDC24B}"
EndProject
Global
	GlobalSection(SolutionConfigurationPlatforms) = preSolution
		Debug|Any CPU = Debug|Any CPU
		Release|Any CPU = Release|Any CPU
	EndGlobalSection
	GlobalSection(ProjectConfigurationPlatforms) = postSolution
		{09F8187D-9A17-4D47-A98B-EF334CBDC24B}.Debug|Any CPU.ActiveCfg = Debug|Any CPU
		{09F8187D-9A17-4D47-A98B-EF334CBDC24B}.Debug|Any CPU.Build.0 = Debug|Any CPU
		{09F8187D-9A17-4D47-A98B-EF334CBDC24B}.Release|Any CPU.ActiveCfg = Release|Any CPU
		{09F8187D-9A17-4D47-A98B-EF334CBDC24B}.Release|Any CPU.Build.0 = Release|Any CPU
	EndGlobalSection
	GlobalSection(SolutionProperties) = preSolution
		HideSolutionNode = FALSE
	EndGlobalSection
	GlobalSection(ExtensibilityGlobals) = postSolution
		SolutionGuid = {3A39988C-A1BE-4984-BDDD-2FFB2D51C8C5}
	EndGlobalSection
EndGlobal
