
Microsoft Visual Studio Solution File, Format Version 12.00
# Visual Studio Version 17
VisualStudioVersion = 17.10.35122.118
MinimumVisualStudioVersion = 10.0.40219.1
Project("{FAE04EC0-301F-11D3-BF4B-00C04F79EFBC}") = "proba2024", "proba2024\proba2024.csproj", "{B427A6C2-FD9F-42EE-BBED-E2D150C8F540}"
EndProject
Global
	GlobalSection(SolutionConfigurationPlatforms) = preSolution
		Debug|Any CPU = Debug|Any CPU
		Release|Any CPU = Release|Any CPU
	EndGlobalSection
	GlobalSection(ProjectConfigurationPlatforms) = postSolution
		{B427A6C2-FD9F-42EE-BBED-E2D150C8F540}.Debug|Any CPU.ActiveCfg = Debug|Any CPU
		{B427A6C2-FD9F-42EE-BBED-E2D150C8F540}.Debug|Any CPU.Build.0 = Debug|Any CPU
		{B427A6C2-FD9F-42EE-BBED-E2D150C8F540}.Release|Any CPU.ActiveCfg = Release|Any CPU
		{B427A6C2-FD9F-42EE-BBED-E2D150C8F540}.Release|Any CPU.Build.0 = Release|Any CPU
	EndGlobalSection
	GlobalSection(SolutionProperties) = preSolution
		HideSolutionNode = FALSE
	EndGlobalSection
	GlobalSection(ExtensibilityGlobals) = postSolution
		SolutionGuid = {837445DA-4EAA-4D7B-BD5A-F70BD8328280}
	EndGlobalSection
EndGlobal
