
Microsoft Visual Studio Solution File, Format Version 12.00
# Visual Studio Version 17
VisualStudioVersion = 17.10.35122.118
MinimumVisualStudioVersion = 10.0.40219.1
Project("{FAE04EC0-301F-11D3-BF4B-00C04F79EFBC}") = "negate", "negate.csproj", "{82284F25-E825-4F70-84B4-CB79326B0D9B}"
EndProject
Global
	GlobalSection(SolutionConfigurationPlatforms) = preSolution
		Debug|Any CPU = Debug|Any CPU
		Release|Any CPU = Release|Any CPU
	EndGlobalSection
	GlobalSection(ProjectConfigurationPlatforms) = postSolution
		{82284F25-E825-4F70-84B4-CB79326B0D9B}.Debug|Any CPU.ActiveCfg = Debug|Any CPU
		{82284F25-E825-4F70-84B4-CB79326B0D9B}.Debug|Any CPU.Build.0 = Debug|Any CPU
		{82284F25-E825-4F70-84B4-CB79326B0D9B}.Release|Any CPU.ActiveCfg = Release|Any CPU
		{82284F25-E825-4F70-84B4-CB79326B0D9B}.Release|Any CPU.Build.0 = Release|Any CPU
	EndGlobalSection
	GlobalSection(SolutionProperties) = preSolution
		HideSolutionNode = FALSE
	EndGlobalSection
	GlobalSection(ExtensibilityGlobals) = postSolution
		SolutionGuid = {FAF127AF-B4E1-4AA4-8304-6E478FEBA39F}
	EndGlobalSection
EndGlobal
