
Microsoft Visual Studio Solution File, Format Version 12.00
# Visual Studio Version 17
VisualStudioVersion = 17.10.35122.118
MinimumVisualStudioVersion = 10.0.40219.1
Project("{FAE04EC0-301F-11D3-BF4B-00C04F79EFBC}") = "gyak10.25", "gyak10.25.csproj", "{1B579DE6-827E-4A58-BA6F-9D1731D5EAA5}"
EndProject
Global
	GlobalSection(SolutionConfigurationPlatforms) = preSolution
		Debug|Any CPU = Debug|Any CPU
		Release|Any CPU = Release|Any CPU
	EndGlobalSection
	GlobalSection(ProjectConfigurationPlatforms) = postSolution
		{1B579DE6-827E-4A58-BA6F-9D1731D5EAA5}.Debug|Any CPU.ActiveCfg = Debug|Any CPU
		{1B579DE6-827E-4A58-BA6F-9D1731D5EAA5}.Debug|Any CPU.Build.0 = Debug|Any CPU
		{1B579DE6-827E-4A58-BA6F-9D1731D5EAA5}.Release|Any CPU.ActiveCfg = Release|Any CPU
		{1B579DE6-827E-4A58-BA6F-9D1731D5EAA5}.Release|Any CPU.Build.0 = Release|Any CPU
	EndGlobalSection
	GlobalSection(SolutionProperties) = preSolution
		HideSolutionNode = FALSE
	EndGlobalSection
	GlobalSection(ExtensibilityGlobals) = postSolution
		SolutionGuid = {733B4C56-FE6A-4429-BC3D-98A5485F8ED7}
	EndGlobalSection
EndGlobal
