
Microsoft Visual Studio Solution File, Format Version 12.00
# Visual Studio Version 17
VisualStudioVersion = 17.11.35222.181
MinimumVisualStudioVersion = 10.0.40219.1
Project("{FAE04EC0-301F-11D3-BF4B-00C04F79EFBC}") = "fuggdup", "fuggdup.csproj", "{737441D0-A66E-49F3-BD3C-9042C4850B65}"
EndProject
Global
	GlobalSection(SolutionConfigurationPlatforms) = preSolution
		Debug|Any CPU = Debug|Any CPU
		Release|Any CPU = Release|Any CPU
	EndGlobalSection
	GlobalSection(ProjectConfigurationPlatforms) = postSolution
		{737441D0-A66E-49F3-BD3C-9042C4850B65}.Debug|Any CPU.ActiveCfg = Debug|Any CPU
		{737441D0-A66E-49F3-BD3C-9042C4850B65}.Debug|Any CPU.Build.0 = Debug|Any CPU
		{737441D0-A66E-49F3-BD3C-9042C4850B65}.Release|Any CPU.ActiveCfg = Release|Any CPU
		{737441D0-A66E-49F3-BD3C-9042C4850B65}.Release|Any CPU.Build.0 = Release|Any CPU
	EndGlobalSection
	GlobalSection(SolutionProperties) = preSolution
		HideSolutionNode = FALSE
	EndGlobalSection
	GlobalSection(ExtensibilityGlobals) = postSolution
		SolutionGuid = {8A85DA04-C84C-4FF9-BDF3-9E169C11E258}
	EndGlobalSection
EndGlobal
