
Microsoft Visual Studio Solution File, Format Version 12.00
# Visual Studio Version 17
VisualStudioVersion = 17.11.35222.181
MinimumVisualStudioVersion = 10.0.40219.1
Project("{FAE04EC0-301F-11D3-BF4B-00C04F79EFBC}") = "Hf 09.19", "Hf 09.19.csproj", "{C38E9033-960A-452C-BA51-175F51997E23}"
EndProject
Global
	GlobalSection(SolutionConfigurationPlatforms) = preSolution
		Debug|Any CPU = Debug|Any CPU
		Release|Any CPU = Release|Any CPU
	EndGlobalSection
	GlobalSection(ProjectConfigurationPlatforms) = postSolution
		{C38E9033-960A-452C-BA51-175F51997E23}.Debug|Any CPU.ActiveCfg = Debug|Any CPU
		{C38E9033-960A-452C-BA51-175F51997E23}.Debug|Any CPU.Build.0 = Debug|Any CPU
		{C38E9033-960A-452C-BA51-175F51997E23}.Release|Any CPU.ActiveCfg = Release|Any CPU
		{C38E9033-960A-452C-BA51-175F51997E23}.Release|Any CPU.Build.0 = Release|Any CPU
	EndGlobalSection
	GlobalSection(SolutionProperties) = preSolution
		HideSolutionNode = FALSE
	EndGlobalSection
	GlobalSection(ExtensibilityGlobals) = postSolution
		SolutionGuid = {560D8C28-242F-4BC2-84D1-2E961A3617E0}
	EndGlobalSection
EndGlobal
