
Microsoft Visual Studio Solution File, Format Version 12.00
# Visual Studio Version 17
VisualStudioVersion = 17.10.35122.118
MinimumVisualStudioVersion = 10.0.40219.1
Project("{FAE04EC0-301F-11D3-BF4B-00C04F79EFBC}") = "file kezeles dolgozat", "file kezeles dolgozat\file kezeles dolgozat.csproj", "{9C70A312-F2A0-4013-96A6-433FA9F4D5C6}"
EndProject
Global
	GlobalSection(SolutionConfigurationPlatforms) = preSolution
		Debug|Any CPU = Debug|Any CPU
		Release|Any CPU = Release|Any CPU
	EndGlobalSection
	GlobalSection(ProjectConfigurationPlatforms) = postSolution
		{9C70A312-F2A0-4013-96A6-433FA9F4D5C6}.Debug|Any CPU.ActiveCfg = Debug|Any CPU
		{9C70A312-F2A0-4013-96A6-433FA9F4D5C6}.Debug|Any CPU.Build.0 = Debug|Any CPU
		{9C70A312-F2A0-4013-96A6-433FA9F4D5C6}.Release|Any CPU.ActiveCfg = Release|Any CPU
		{9C70A312-F2A0-4013-96A6-433FA9F4D5C6}.Release|Any CPU.Build.0 = Release|Any CPU
	EndGlobalSection
	GlobalSection(SolutionProperties) = preSolution
		HideSolutionNode = FALSE
	EndGlobalSection
	GlobalSection(ExtensibilityGlobals) = postSolution
		SolutionGuid = {D7CB35ED-6BE0-4A84-AEC0-D0105D2C7B79}
	EndGlobalSection
EndGlobal
